PODS:
  - FSCalculator (0.0.1)
  - FSUIKit (0.0.7):
    - FSCalculator
    - FSWindow
    - MJRefresh (= 3.1.15.7)
  - FSWindow (0.0.1)
  - MJRefresh (3.1.15.7)

DEPENDENCIES:
  - FSUIKit (from `../`)

SPEC REPOS:
  https://github.com/cocoapods/specs.git:
    - FSCalculator
    - FSWindow
    - MJRefresh

EXTERNAL SOURCES:
  FSUIKit:
    :path: "../"

SPEC CHECKSUMS:
  FSCalculator: 3ab79307b008ebf07b4fa7fe827f418d7c65fd14
  FSUIKit: 61be4bf43bc835f0d96167f5290cb77f9be9e63c
  FSWindow: 54dce45874a001ba7761303c89f478a7b9197ad2
  MJRefresh: 697f8ec75ebdbe9207767bb682cf0f51b0d8a41f

PODFILE CHECKSUM: da87b4273e5317b2b1228d28552ca2cd6c476679

COCOAPODS: 1.5.3
